
Microsoft Visual Studio Solution File, Format Version 12.00
# Visual Studio Version 16
VisualStudioVersion = 16.0.29613.14
MinimumVisualStudioVersion = 10.0.40219.1
Project("{FAE04EC0-301F-11D3-BF4B-00C04F79EFBC}") = "DevStudios.Ormy", "DevStudios.Ormy\DevStudios.Ormy.csproj", "{7DA14418-D5C1-4DE2-ADE5-98BBFBE51001}"
EndProject
Global
	GlobalSection(SolutionConfigurationPlatforms) = preSolution
		Debug|Any CPU = Debug|Any CPU
		Release|Any CPU = Release|Any CPU
	EndGlobalSection
	GlobalSection(ProjectConfigurationPlatforms) = postSolution
		{7DA14418-D5C1-4DE2-ADE5-98BBFBE51001}.Debug|Any CPU.ActiveCfg = Debug|Any CPU
		{7DA14418-D5C1-4DE2-ADE5-98BBFBE51001}.Debug|Any CPU.Build.0 = Debug|Any CPU
		{7DA14418-D5C1-4DE2-ADE5-98BBFBE51001}.Release|Any CPU.ActiveCfg = Release|Any CPU
		{7DA14418-D5C1-4DE2-ADE5-98BBFBE51001}.Release|Any CPU.Build.0 = Release|Any CPU
	EndGlobalSection
	GlobalSection(SolutionProperties) = preSolution
		HideSolutionNode = FALSE
	EndGlobalSection
	GlobalSection(ExtensibilityGlobals) = postSolution
		SolutionGuid = {BD27561E-0790-43E2-AF15-F9D82F86107A}
	EndGlobalSection
EndGlobal
